
Microsoft Visual Studio Solution File, Format Version 12.00
# Visual Studio Version 17
VisualStudioVersion = 17.3.32929.385
MinimumVisualStudioVersion = 10.0.40219.1
Project("{9A19103F-16F7-4668-BE54-9A1E7A4F7556}") = "DataContainers", "DataContracts\DataContainers.csproj", "{A3DF211E-A948-4945-8A35-10ADC729522C}"
EndProject
Project("{9A19103F-16F7-4668-BE54-9A1E7A4F7556}") = "Accessors", "Accessors\Accessors.csproj", "{0D73EBF6-4E39-4016-AFD3-D1CE071A72CA}"
EndProject
Project("{54A90642-561A-4BB1-A94E-469ADEE60C69}") = "reactShoppingCart", "reactShoppingCart\reactShoppingCart.esproj", "{52BA1276-C326-4AF3-970A-94B7070A0193}"
EndProject
Project("{9A19103F-16F7-4668-BE54-9A1E7A4F7556}") = "Tools", "Tools\Tools.csproj", "{72C9CBBE-FABA-43E4-9633-38C1010BBBA1}"
EndProject
Project("{9A19103F-16F7-4668-BE54-9A1E7A4F7556}") = "Tests", "Tests\Tests.csproj", "{5084326A-93D0-4AAA-B6CF-02B120F7B4EA}"
EndProject
Project("{2150E333-8FDC-42A3-9474-1A3956D46DE8}") = "Solution Items", "Solution Items", "{097EDD76-3D14-4401-96BB-9D6244FABD08}"
	ProjectSection(SolutionItems) = preProject
		.editorconfig = .editorconfig
	EndProjectSection
EndProject
Global
	GlobalSection(SolutionConfigurationPlatforms) = preSolution
		Debug|Any CPU = Debug|Any CPU
		Release|Any CPU = Release|Any CPU
	EndGlobalSection
	GlobalSection(ProjectConfigurationPlatforms) = postSolution
		{A3DF211E-A948-4945-8A35-10ADC729522C}.Debug|Any CPU.ActiveCfg = Debug|Any CPU
		{A3DF211E-A948-4945-8A35-10ADC729522C}.Debug|Any CPU.Build.0 = Debug|Any CPU
		{A3DF211E-A948-4945-8A35-10ADC729522C}.Release|Any CPU.ActiveCfg = Release|Any CPU
		{A3DF211E-A948-4945-8A35-10ADC729522C}.Release|Any CPU.Build.0 = Release|Any CPU
		{0D73EBF6-4E39-4016-AFD3-D1CE071A72CA}.Debug|Any CPU.ActiveCfg = Debug|Any CPU
		{0D73EBF6-4E39-4016-AFD3-D1CE071A72CA}.Debug|Any CPU.Build.0 = Debug|Any CPU
		{0D73EBF6-4E39-4016-AFD3-D1CE071A72CA}.Release|Any CPU.ActiveCfg = Release|Any CPU
		{0D73EBF6-4E39-4016-AFD3-D1CE071A72CA}.Release|Any CPU.Build.0 = Release|Any CPU
		{52BA1276-C326-4AF3-970A-94B7070A0193}.Debug|Any CPU.ActiveCfg = Debug|Any CPU
		{52BA1276-C326-4AF3-970A-94B7070A0193}.Debug|Any CPU.Build.0 = Debug|Any CPU
		{52BA1276-C326-4AF3-970A-94B7070A0193}.Debug|Any CPU.Deploy.0 = Debug|Any CPU
		{52BA1276-C326-4AF3-970A-94B7070A0193}.Release|Any CPU.ActiveCfg = Release|Any CPU
		{52BA1276-C326-4AF3-970A-94B7070A0193}.Release|Any CPU.Build.0 = Release|Any CPU
		{52BA1276-C326-4AF3-970A-94B7070A0193}.Release|Any CPU.Deploy.0 = Release|Any CPU
		{72C9CBBE-FABA-43E4-9633-38C1010BBBA1}.Debug|Any CPU.ActiveCfg = Debug|Any CPU
		{72C9CBBE-FABA-43E4-9633-38C1010BBBA1}.Debug|Any CPU.Build.0 = Debug|Any CPU
		{72C9CBBE-FABA-43E4-9633-38C1010BBBA1}.Release|Any CPU.ActiveCfg = Release|Any CPU
		{72C9CBBE-FABA-43E4-9633-38C1010BBBA1}.Release|Any CPU.Build.0 = Release|Any CPU
		{5084326A-93D0-4AAA-B6CF-02B120F7B4EA}.Debug|Any CPU.ActiveCfg = Debug|Any CPU
		{5084326A-93D0-4AAA-B6CF-02B120F7B4EA}.Debug|Any CPU.Build.0 = Debug|Any CPU
		{5084326A-93D0-4AAA-B6CF-02B120F7B4EA}.Release|Any CPU.ActiveCfg = Release|Any CPU
		{5084326A-93D0-4AAA-B6CF-02B120F7B4EA}.Release|Any CPU.Build.0 = Release|Any CPU
	EndGlobalSection
	GlobalSection(SolutionProperties) = preSolution
		HideSolutionNode = FALSE
	EndGlobalSection
	GlobalSection(ExtensibilityGlobals) = postSolution
		SolutionGuid = {67E42DBB-E389-488E-8010-4ED2EA95C41D}
	EndGlobalSection
EndGlobal
