
Microsoft Visual Studio Solution File, Format Version 12.00
# Visual Studio Version 17
VisualStudioVersion = 17.3.32929.385
MinimumVisualStudioVersion = 10.0.40219.1
Project("{9A19103F-16F7-4668-BE54-9A1E7A4F7556}") = "DataContainers", "DataContracts\DataContainers.csproj", "{A3DF211E-A948-4945-8A35-10ADC729522C}"
EndProject
Project("{9A19103F-16F7-4668-BE54-9A1E7A4F7556}") = "Accessors", "Accessors\Accessors.csproj", "{0D73EBF6-4E39-4016-AFD3-D1CE071A72CA}"
EndProject
Project("{54A90642-561A-4BB1-A94E-469ADEE60C69}") = "reactShoppingCart", "reactShoppingCart\reactShoppingCart.esproj", "{52BA1276-C326-4AF3-970A-94B7070A0193}"
EndProject
Global
	GlobalSection(SolutionConfigurationPlatforms) = preSolution
		Debug|Any CPU = Debug|Any CPU
		Release|Any CPU = Release|Any CPU
	EndGlobalSection
	GlobalSection(ProjectConfigurationPlatforms) = postSolution
		{A3DF211E-A948-4945-8A35-10ADC729522C}.Debug|Any CPU.ActiveCfg = Debug|Any CPU
		{A3DF211E-A948-4945-8A35-10ADC729522C}.Debug|Any CPU.Build.0 = Debug|Any CPU
		{A3DF211E-A948-4945-8A35-10ADC729522C}.Release|Any CPU.ActiveCfg = Release|Any CPU
		{A3DF211E-A948-4945-8A35-10ADC729522C}.Release|Any CPU.Build.0 = Release|Any CPU
		{0D73EBF6-4E39-4016-AFD3-D1CE071A72CA}.Debug|Any CPU.ActiveCfg = Debug|Any CPU
		{0D73EBF6-4E39-4016-AFD3-D1CE071A72CA}.Debug|Any CPU.Build.0 = Debug|Any CPU
		{0D73EBF6-4E39-4016-AFD3-D1CE071A72CA}.Release|Any CPU.ActiveCfg = Release|Any CPU
		{0D73EBF6-4E39-4016-AFD3-D1CE071A72CA}.Release|Any CPU.Build.0 = Release|Any CPU
		{52BA1276-C326-4AF3-970A-94B7070A0193}.Debug|Any CPU.ActiveCfg = Debug|Any CPU
		{52BA1276-C326-4AF3-970A-94B7070A0193}.Debug|Any CPU.Build.0 = Debug|Any CPU
		{52BA1276-C326-4AF3-970A-94B7070A0193}.Debug|Any CPU.Deploy.0 = Debug|Any CPU
		{52BA1276-C326-4AF3-970A-94B7070A0193}.Release|Any CPU.ActiveCfg = Release|Any CPU
		{52BA1276-C326-4AF3-970A-94B7070A0193}.Release|Any CPU.Build.0 = Release|Any CPU
		{52BA1276-C326-4AF3-970A-94B7070A0193}.Release|Any CPU.Deploy.0 = Release|Any CPU
	EndGlobalSection
	GlobalSection(SolutionProperties) = preSolution
		HideSolutionNode = FALSE
	EndGlobalSection
	GlobalSection(ExtensibilityGlobals) = postSolution
		SolutionGuid = {67E42DBB-E389-488E-8010-4ED2EA95C41D}
	EndGlobalSection
EndGlobal
